
Microsoft Visual Studio Solution File, Format Version 12.00
# Visual Studio Version 17
VisualStudioVersion = 17.13.35818.85 d17.13
MinimumVisualStudioVersion = 10.0.40219.1
Project("{FAE04EC0-301F-11D3-BF4B-00C04F79EFBC}") = "Project_WPF", "Project_WPF\Project_WPF.csproj", "{7CCF6415-2D23-42E4-BD3C-BD52DFBE7CA6}"
EndProject
Project("{FAE04EC0-301F-11D3-BF4B-00C04F79EFBC}") = "AuthorizationWPF", "AuthorizationWPF\AuthorizationWPF.csproj", "{83486725-0B1A-4417-B3D6-4DBD4B3D59D6}"
EndProject
Global
	GlobalSection(SolutionConfigurationPlatforms) = preSolution
		Debug|Any CPU = Debug|Any CPU
		Release|Any CPU = Release|Any CPU
	EndGlobalSection
	GlobalSection(ProjectConfigurationPlatforms) = postSolution
		{7CCF6415-2D23-42E4-BD3C-BD52DFBE7CA6}.Debug|Any CPU.ActiveCfg = Debug|Any CPU
		{7CCF6415-2D23-42E4-BD3C-BD52DFBE7CA6}.Debug|Any CPU.Build.0 = Debug|Any CPU
		{7CCF6415-2D23-42E4-BD3C-BD52DFBE7CA6}.Release|Any CPU.ActiveCfg = Release|Any CPU
		{7CCF6415-2D23-42E4-BD3C-BD52DFBE7CA6}.Release|Any CPU.Build.0 = Release|Any CPU
		{83486725-0B1A-4417-B3D6-4DBD4B3D59D6}.Debug|Any CPU.ActiveCfg = Debug|Any CPU
		{83486725-0B1A-4417-B3D6-4DBD4B3D59D6}.Debug|Any CPU.Build.0 = Debug|Any CPU
		{83486725-0B1A-4417-B3D6-4DBD4B3D59D6}.Release|Any CPU.ActiveCfg = Release|Any CPU
		{83486725-0B1A-4417-B3D6-4DBD4B3D59D6}.Release|Any CPU.Build.0 = Release|Any CPU
	EndGlobalSection
	GlobalSection(SolutionProperties) = preSolution
		HideSolutionNode = FALSE
	EndGlobalSection
	GlobalSection(ExtensibilityGlobals) = postSolution
		SolutionGuid = {5AE1834B-6EB1-450D-B1DF-983B603B2950}
	EndGlobalSection
EndGlobal
